
Microsoft Visual Studio Solution File, Format Version 12.00
# Visual Studio 15
VisualStudioVersion = 15.0.28307.168
MinimumVisualStudioVersion = 10.0.40219.1
Project("{FAE04EC0-301F-11D3-BF4B-00C04F79EFBC}") = "WebApi", "WebApi\WebApi.csproj", "{AC29E0B8-784D-4739-8547-C3D75A43D8BC}"
EndProject
Global
	GlobalSection(SolutionConfigurationPlatforms) = preSolution
		Debug|Any CPU = Debug|Any CPU
		Release|Any CPU = Release|Any CPU
	EndGlobalSection
	GlobalSection(ProjectConfigurationPlatforms) = postSolution
		{AC29E0B8-784D-4739-8547-C3D75A43D8BC}.Debug|Any CPU.ActiveCfg = Debug|Any CPU
		{AC29E0B8-784D-4739-8547-C3D75A43D8BC}.Debug|Any CPU.Build.0 = Debug|Any CPU
		{AC29E0B8-784D-4739-8547-C3D75A43D8BC}.Release|Any CPU.ActiveCfg = Release|Any CPU
		{AC29E0B8-784D-4739-8547-C3D75A43D8BC}.Release|Any CPU.Build.0 = Release|Any CPU
	EndGlobalSection
	GlobalSection(SolutionProperties) = preSolution
		HideSolutionNode = FALSE
	EndGlobalSection
	GlobalSection(ExtensibilityGlobals) = postSolution
		SolutionGuid = {5D9C6A34-7311-4534-9C35-0C211E16C367}
	EndGlobalSection
EndGlobal
